
Microsoft Visual Studio Solution File, Format Version 12.00
# Visual Studio Version 16
VisualStudioVersion = 16.0.30717.126
MinimumVisualStudioVersion = 10.0.40219.1
Project("{9A19103F-16F7-4668-BE54-9A1E7A4F7556}") = "SfxPlayer", "SfxPlayer\SfxPlayer.csproj", "{43334B55-939F-4707-BD5F-C3A3E936B91B}"
EndProject
Global
	GlobalSection(SolutionConfigurationPlatforms) = preSolution
		Debug|Any CPU = Debug|Any CPU
		Release|Any CPU = Release|Any CPU
	EndGlobalSection
	GlobalSection(ProjectConfigurationPlatforms) = postSolution
		{43334B55-939F-4707-BD5F-C3A3E936B91B}.Debug|Any CPU.ActiveCfg = Debug|Any CPU
		{43334B55-939F-4707-BD5F-C3A3E936B91B}.Debug|Any CPU.Build.0 = Debug|Any CPU
		{43334B55-939F-4707-BD5F-C3A3E936B91B}.Release|Any CPU.ActiveCfg = Release|Any CPU
		{43334B55-939F-4707-BD5F-C3A3E936B91B}.Release|Any CPU.Build.0 = Release|Any CPU
	EndGlobalSection
	GlobalSection(SolutionProperties) = preSolution
		HideSolutionNode = FALSE
	EndGlobalSection
	GlobalSection(ExtensibilityGlobals) = postSolution
		SolutionGuid = {E8F795A6-1317-4B7B-AAEE-E84A1E832C93}
	EndGlobalSection
EndGlobal
